
Microsoft Visual Studio Solution File, Format Version 12.00
# Visual Studio 15
VisualStudioVersion = 15.0.27703.2000
MinimumVisualStudioVersion = 10.0.40219.1
Project("{FAE04EC0-301F-11D3-BF4B-00C04F79EFBC}") = "Sedc.WebApps.WebAppMvc", "Sedc.WebApps.WebAppMvc\Sedc.WebApps.WebAppMvc.csproj", "{D9A095E9-D120-4377-A779-CCCE2ADD3C6B}"
EndProject
Project("{FAE04EC0-301F-11D3-BF4B-00C04F79EFBC}") = "Sedc.WebApps.WebAppEmpty", "Sedc.WebApps.WebAppEmpty\Sedc.WebApps.WebAppEmpty.csproj", "{301634AC-D8F4-4DC4-B99D-05A0C38293C6}"
EndProject
Project("{FAE04EC0-301F-11D3-BF4B-00C04F79EFBC}") = "Sedc.WebApps.WebApiApp", "Sedc.WebApps.WebApiApp\Sedc.WebApps.WebApiApp.csproj", "{B6A8BFA1-9291-447B-9C8B-9780D2542B00}"
EndProject
Global
	GlobalSection(SolutionConfigurationPlatforms) = preSolution
		Debug|Any CPU = Debug|Any CPU
		Release|Any CPU = Release|Any CPU
	EndGlobalSection
	GlobalSection(ProjectConfigurationPlatforms) = postSolution
		{D9A095E9-D120-4377-A779-CCCE2ADD3C6B}.Debug|Any CPU.ActiveCfg = Debug|Any CPU
		{D9A095E9-D120-4377-A779-CCCE2ADD3C6B}.Debug|Any CPU.Build.0 = Debug|Any CPU
		{D9A095E9-D120-4377-A779-CCCE2ADD3C6B}.Release|Any CPU.ActiveCfg = Release|Any CPU
		{D9A095E9-D120-4377-A779-CCCE2ADD3C6B}.Release|Any CPU.Build.0 = Release|Any CPU
		{301634AC-D8F4-4DC4-B99D-05A0C38293C6}.Debug|Any CPU.ActiveCfg = Debug|Any CPU
		{301634AC-D8F4-4DC4-B99D-05A0C38293C6}.Debug|Any CPU.Build.0 = Debug|Any CPU
		{301634AC-D8F4-4DC4-B99D-05A0C38293C6}.Release|Any CPU.ActiveCfg = Release|Any CPU
		{301634AC-D8F4-4DC4-B99D-05A0C38293C6}.Release|Any CPU.Build.0 = Release|Any CPU
		{B6A8BFA1-9291-447B-9C8B-9780D2542B00}.Debug|Any CPU.ActiveCfg = Debug|Any CPU
		{B6A8BFA1-9291-447B-9C8B-9780D2542B00}.Debug|Any CPU.Build.0 = Debug|Any CPU
		{B6A8BFA1-9291-447B-9C8B-9780D2542B00}.Release|Any CPU.ActiveCfg = Release|Any CPU
		{B6A8BFA1-9291-447B-9C8B-9780D2542B00}.Release|Any CPU.Build.0 = Release|Any CPU
	EndGlobalSection
	GlobalSection(SolutionProperties) = preSolution
		HideSolutionNode = FALSE
	EndGlobalSection
	GlobalSection(ExtensibilityGlobals) = postSolution
		SolutionGuid = {995B2328-A91A-4858-8AE4-038F465057BD}
	EndGlobalSection
EndGlobal
